
Microsoft Visual Studio Solution File, Format Version 12.00
# Visual Studio Version 17
VisualStudioVersion = 17.10.35004.147
MinimumVisualStudioVersion = 10.0.40219.1
Project("{9A19103F-16F7-4668-BE54-9A1E7A4F7556}") = "CosplayApp", "CosplayApp\CosplayApp.csproj", "{8309BE29-188F-4C08-A9CD-E457C2C45F9E}"
EndProject
Global
	GlobalSection(SolutionConfigurationPlatforms) = preSolution
		Debug|Any CPU = Debug|Any CPU
		Release|Any CPU = Release|Any CPU
	EndGlobalSection
	GlobalSection(ProjectConfigurationPlatforms) = postSolution
		{8309BE29-188F-4C08-A9CD-E457C2C45F9E}.Debug|Any CPU.ActiveCfg = Debug|Any CPU
		{8309BE29-188F-4C08-A9CD-E457C2C45F9E}.Debug|Any CPU.Build.0 = Debug|Any CPU
		{8309BE29-188F-4C08-A9CD-E457C2C45F9E}.Debug|Any CPU.Deploy.0 = Debug|Any CPU
		{8309BE29-188F-4C08-A9CD-E457C2C45F9E}.Release|Any CPU.ActiveCfg = Release|Any CPU
		{8309BE29-188F-4C08-A9CD-E457C2C45F9E}.Release|Any CPU.Build.0 = Release|Any CPU
		{8309BE29-188F-4C08-A9CD-E457C2C45F9E}.Release|Any CPU.Deploy.0 = Release|Any CPU
	EndGlobalSection
	GlobalSection(SolutionProperties) = preSolution
		HideSolutionNode = FALSE
	EndGlobalSection
	GlobalSection(ExtensibilityGlobals) = postSolution
		SolutionGuid = {0DCAA35A-CA2C-49D3-AFA2-9043B6673C64}
	EndGlobalSection
EndGlobal
